{
  "name": "diggging",
  "lockfileVersion": 2,
  "requires": true,
  "packages": {
    "": {
      "dependencies": {
        "@ckeditor/ckeditor5-code-block": "^29.1.0"
      }
    },
    "node_modules/@ckeditor/ckeditor5-clipboard": {
      "version": "29.1.0",
      "resolved": "https://registry.npmjs.org/@ckeditor/ckeditor5-clipboard/-/ckeditor5-clipboard-29.1.0.tgz",
      "integrity": "sha512-QB+Rgxp6byThl0C6TMGnbxkNj/S5Cs2TvNSwMMu8Md4BABcU8v72jBN8MD8QJ0o9otwnWSrifJriRxs5q4W3Kg==",
      "dependencies": {
        "@ckeditor/ckeditor5-core": "^29.1.0",
        "@ckeditor/ckeditor5-engine": "^29.1.0",
        "@ckeditor/ckeditor5-utils": "^29.1.0",
        "@ckeditor/ckeditor5-widget": "^29.1.0",
        "lodash-es": "^4.17.11"
      },
      "engines": {
        "node": ">=12.0.0",
        "npm": ">=5.7.1"
      }
    },
    "node_modules/@ckeditor/ckeditor5-code-block": {
      "version": "29.1.0",
      "resolved": "https://registry.npmjs.org/@ckeditor/ckeditor5-code-block/-/ckeditor5-code-block-29.1.0.tgz",
      "integrity": "sha512-LrKrK/G8ca8vGnIb3jFntCOVezsI55U/4O8HsYJb/goLBK5cObl9O86lLTFQSqL6tkIS1lvesJFbnUhHsh1NsQ==",
      "dependencies": {
        "ckeditor5": "^29.1.0"
      },
      "engines": {
        "node": ">=12.0.0",
        "npm": ">=5.7.1"
      }
    },
    "node_modules/@ckeditor/ckeditor5-core": {
      "version": "29.1.0",
      "resolved": "https://registry.npmjs.org/@ckeditor/ckeditor5-core/-/ckeditor5-core-29.1.0.tgz",
      "integrity": "sha512-ETSYlRI1hcBRIVKDqmzLNloZYM9nssVytJPEMplQRzYPvy2vjaD0iKtPJkR93pFG53BcEuy9/Pc7knW760bB0g==",
      "dependencies": {
        "@ckeditor/ckeditor5-engine": "^29.1.0",
        "@ckeditor/ckeditor5-ui": "^29.1.0",
        "@ckeditor/ckeditor5-utils": "^29.1.0",
        "lodash-es": "^4.17.15"
      },
      "engines": {
        "node": ">=12.0.0",
        "npm": ">=5.7.1"
      }
    },
    "node_modules/@ckeditor/ckeditor5-engine": {
      "version": "29.1.0",
      "resolved": "https://registry.npmjs.org/@ckeditor/ckeditor5-engine/-/ckeditor5-engine-29.1.0.tgz",
      "integrity": "sha512-XZQqOhy2IjeZwSTfd/DLm1knfDQ0gcJsbvYmP82TS4P3EFlRfgePkXUrN94fOXs+iUareum8wbkEPuyXji1CUA==",
      "dependencies": {
        "@ckeditor/ckeditor5-utils": "^29.1.0",
        "lodash-es": "^4.17.15"
      },
      "engines": {
        "node": ">=12.0.0",
        "npm": ">=5.7.1"
      }
    },
    "node_modules/@ckeditor/ckeditor5-enter": {
      "version": "29.1.0",
      "resolved": "https://registry.npmjs.org/@ckeditor/ckeditor5-enter/-/ckeditor5-enter-29.1.0.tgz",
      "integrity": "sha512-5qsXel31//F4sEX+vmQINTnCHuf0KETeddzHcZ8rG7lOnvj2KusYi79zc0vCy1nM7Eu7x2uD4CwRmCBgNd1HCA==",
      "dependencies": {
        "@ckeditor/ckeditor5-core": "^29.1.0",
        "@ckeditor/ckeditor5-engine": "^29.1.0",
        "@ckeditor/ckeditor5-utils": "^29.1.0"
      },
      "engines": {
        "node": ">=12.0.0",
        "npm": ">=5.7.1"
      }
    },
    "node_modules/@ckeditor/ckeditor5-paragraph": {
      "version": "29.1.0",
      "resolved": "https://registry.npmjs.org/@ckeditor/ckeditor5-paragraph/-/ckeditor5-paragraph-29.1.0.tgz",
      "integrity": "sha512-GgYYPqckK/FunMZUlsQYGc2qj90Ifyp7Rt2jAm2t0c0gFduIBGSy7NIHwUaJcqak7qTCgIG6O/ohGLN7ArcTkQ==",
      "dependencies": {
        "@ckeditor/ckeditor5-core": "^29.1.0",
        "@ckeditor/ckeditor5-ui": "^29.1.0",
        "@ckeditor/ckeditor5-utils": "^29.1.0"
      },
      "engines": {
        "node": ">=12.0.0",
        "npm": ">=5.7.1"
      }
    },
    "node_modules/@ckeditor/ckeditor5-select-all": {
      "version": "29.1.0",
      "resolved": "https://registry.npmjs.org/@ckeditor/ckeditor5-select-all/-/ckeditor5-select-all-29.1.0.tgz",
      "integrity": "sha512-NiffKAxm7xxqSHu2OO6HeVaYRPJ13+Rn+DtIdQawZDpVb+UxwS6WrYVizX2jOQLtUSCAC99HjX2IJ6zkyuQxmg==",
      "dependencies": {
        "@ckeditor/ckeditor5-core": "^29.1.0",
        "@ckeditor/ckeditor5-ui": "^29.1.0",
        "@ckeditor/ckeditor5-utils": "^29.1.0"
      },
      "engines": {
        "node": ">=12.0.0",
        "npm": ">=5.7.1"
      }
    },
    "node_modules/@ckeditor/ckeditor5-typing": {
      "version": "29.1.0",
      "resolved": "https://registry.npmjs.org/@ckeditor/ckeditor5-typing/-/ckeditor5-typing-29.1.0.tgz",
      "integrity": "sha512-TBh0Rbzs1B+922vhqAZQ1b0LUO/Z5aB8AgVLcciQ5R74GCiDewpJQSdzpJ49e8gViUGsByDqtmuKeK444snGmw==",
      "dependencies": {
        "@ckeditor/ckeditor5-core": "^29.1.0",
        "@ckeditor/ckeditor5-engine": "^29.1.0",
        "@ckeditor/ckeditor5-utils": "^29.1.0",
        "lodash-es": "^4.17.15"
      },
      "engines": {
        "node": ">=12.0.0",
        "npm": ">=5.7.1"
      }
    },
    "node_modules/@ckeditor/ckeditor5-ui": {
      "version": "29.1.0",
      "resolved": "https://registry.npmjs.org/@ckeditor/ckeditor5-ui/-/ckeditor5-ui-29.1.0.tgz",
      "integrity": "sha512-duYnljw8TolKgV7+KucxLcumZyaV0g+H9aWi+pSSTAw83s3Eze4n8K0QuPxdVebSqnnl1AcrTPcNerv+rsDw3w==",
      "dependencies": {
        "@ckeditor/ckeditor5-utils": "^29.1.0",
        "ckeditor5": "^29.1.0",
        "lodash-es": "^4.17.15"
      },
      "engines": {
        "node": ">=12.0.0",
        "npm": ">=5.7.1"
      }
    },
    "node_modules/@ckeditor/ckeditor5-undo": {
      "version": "29.1.0",
      "resolved": "https://registry.npmjs.org/@ckeditor/ckeditor5-undo/-/ckeditor5-undo-29.1.0.tgz",
      "integrity": "sha512-6lKGdKGNvQKpcSUIqumQ1mEL9/sVHVJhW51trQULZJJ44QwtGP0qlFlN83ErzZ+2oxMCri69aMDAoR9Q3OjpkA==",
      "dependencies": {
        "@ckeditor/ckeditor5-core": "^29.1.0",
        "@ckeditor/ckeditor5-engine": "^29.1.0",
        "@ckeditor/ckeditor5-ui": "^29.1.0"
      },
      "engines": {
        "node": ">=12.0.0",
        "npm": ">=5.7.1"
      }
    },
    "node_modules/@ckeditor/ckeditor5-upload": {
      "version": "29.1.0",
      "resolved": "https://registry.npmjs.org/@ckeditor/ckeditor5-upload/-/ckeditor5-upload-29.1.0.tgz",
      "integrity": "sha512-1brYmkRHREVaNsFrL3rsg+o8/0+ucxUh5bpzCTmteqw2oU1IrgzWFcDwYyWguqeSmN24rnNPA5gJSwGaUcvOeg==",
      "dependencies": {
        "@ckeditor/ckeditor5-core": "^29.1.0",
        "@ckeditor/ckeditor5-ui": "^29.1.0",
        "@ckeditor/ckeditor5-utils": "^29.1.0"
      },
      "engines": {
        "node": ">=12.0.0",
        "npm": ">=5.7.1"
      }
    },
    "node_modules/@ckeditor/ckeditor5-utils": {
      "version": "29.1.0",
      "resolved": "https://registry.npmjs.org/@ckeditor/ckeditor5-utils/-/ckeditor5-utils-29.1.0.tgz",
      "integrity": "sha512-C9KzXLM3JrU1PVRahRvmW6pdinXoUDyp4X8A+QWdQMMYbNrlnM1y9DPmgauPq2eIwZmlMpn8z0jXDh3oB5kVMQ==",
      "dependencies": {
        "lodash-es": "^4.17.15"
      },
      "engines": {
        "node": ">=12.0.0",
        "npm": ">=5.7.1"
      }
    },
    "node_modules/@ckeditor/ckeditor5-widget": {
      "version": "29.1.0",
      "resolved": "https://registry.npmjs.org/@ckeditor/ckeditor5-widget/-/ckeditor5-widget-29.1.0.tgz",
      "integrity": "sha512-28jLc24j1Z//zwzck1DvZLjR02qEYierxFGKzW91pi/YeG0gOmVETPaQFcdUSovTnMRz7TiJL1myBw3JsF405A==",
      "dependencies": {
        "@ckeditor/ckeditor5-core": "^29.1.0",
        "@ckeditor/ckeditor5-engine": "^29.1.0",
        "@ckeditor/ckeditor5-enter": "^29.1.0",
        "@ckeditor/ckeditor5-typing": "^29.1.0",
        "@ckeditor/ckeditor5-ui": "^29.1.0",
        "@ckeditor/ckeditor5-utils": "^29.1.0",
        "lodash-es": "^4.17.15"
      },
      "engines": {
        "node": ">=12.0.0",
        "npm": ">=5.7.1"
      }
    },
    "node_modules/ckeditor5": {
      "version": "29.1.0",
      "resolved": "https://registry.npmjs.org/ckeditor5/-/ckeditor5-29.1.0.tgz",
      "integrity": "sha512-qNoIpQ/xS+AEEI6etF9FESObt490vJ+AgAnP24M1rgMziUwaqmVMoDONmjYh6LPiOm09f6n4BHZB6sb78zEhYA==",
      "dependencies": {
        "@ckeditor/ckeditor5-clipboard": "^29.1.0",
        "@ckeditor/ckeditor5-core": "^29.1.0",
        "@ckeditor/ckeditor5-engine": "^29.1.0",
        "@ckeditor/ckeditor5-enter": "^29.1.0",
        "@ckeditor/ckeditor5-paragraph": "^29.1.0",
        "@ckeditor/ckeditor5-select-all": "^29.1.0",
        "@ckeditor/ckeditor5-typing": "^29.1.0",
        "@ckeditor/ckeditor5-ui": "^29.1.0",
        "@ckeditor/ckeditor5-undo": "^29.1.0",
        "@ckeditor/ckeditor5-upload": "^29.1.0",
        "@ckeditor/ckeditor5-utils": "^29.1.0",
        "@ckeditor/ckeditor5-widget": "^29.1.0"
      },
      "engines": {
        "node": ">=12.0.0",
        "npm": ">=5.7.1"
      }
    },
    "node_modules/lodash-es": {
      "version": "4.17.21",
      "resolved": "https://registry.npmjs.org/lodash-es/-/lodash-es-4.17.21.tgz",
      "integrity": "sha512-mKnC+QJ9pWVzv+C4/U3rRsHapFfHvQFoFB92e52xeyGMcX6/OlIl78je1u8vePzYZSkkogMPJ2yjxxsb89cxyw=="
    }
  },
  "dependencies": {
    "@ckeditor/ckeditor5-clipboard": {
      "version": "29.1.0",
      "resolved": "https://registry.npmjs.org/@ckeditor/ckeditor5-clipboard/-/ckeditor5-clipboard-29.1.0.tgz",
      "integrity": "sha512-QB+Rgxp6byThl0C6TMGnbxkNj/S5Cs2TvNSwMMu8Md4BABcU8v72jBN8MD8QJ0o9otwnWSrifJriRxs5q4W3Kg==",
      "requires": {
        "@ckeditor/ckeditor5-core": "^29.1.0",
        "@ckeditor/ckeditor5-engine": "^29.1.0",
        "@ckeditor/ckeditor5-utils": "^29.1.0",
        "@ckeditor/ckeditor5-widget": "^29.1.0",
        "lodash-es": "^4.17.11"
      }
    },
    "@ckeditor/ckeditor5-code-block": {
      "version": "29.1.0",
      "resolved": "https://registry.npmjs.org/@ckeditor/ckeditor5-code-block/-/ckeditor5-code-block-29.1.0.tgz",
      "integrity": "sha512-LrKrK/G8ca8vGnIb3jFntCOVezsI55U/4O8HsYJb/goLBK5cObl9O86lLTFQSqL6tkIS1lvesJFbnUhHsh1NsQ==",
      "requires": {
        "ckeditor5": "^29.1.0"
      }
    },
    "@ckeditor/ckeditor5-core": {
      "version": "29.1.0",
      "resolved": "https://registry.npmjs.org/@ckeditor/ckeditor5-core/-/ckeditor5-core-29.1.0.tgz",
      "integrity": "sha512-ETSYlRI1hcBRIVKDqmzLNloZYM9nssVytJPEMplQRzYPvy2vjaD0iKtPJkR93pFG53BcEuy9/Pc7knW760bB0g==",
      "requires": {
        "@ckeditor/ckeditor5-engine": "^29.1.0",
        "@ckeditor/ckeditor5-ui": "^29.1.0",
        "@ckeditor/ckeditor5-utils": "^29.1.0",
        "lodash-es": "^4.17.15"
      }
    },
    "@ckeditor/ckeditor5-engine": {
      "version": "29.1.0",
      "resolved": "https://registry.npmjs.org/@ckeditor/ckeditor5-engine/-/ckeditor5-engine-29.1.0.tgz",
      "integrity": "sha512-XZQqOhy2IjeZwSTfd/DLm1knfDQ0gcJsbvYmP82TS4P3EFlRfgePkXUrN94fOXs+iUareum8wbkEPuyXji1CUA==",
      "requires": {
        "@ckeditor/ckeditor5-utils": "^29.1.0",
        "lodash-es": "^4.17.15"
      }
    },
    "@ckeditor/ckeditor5-enter": {
      "version": "29.1.0",
      "resolved": "https://registry.npmjs.org/@ckeditor/ckeditor5-enter/-/ckeditor5-enter-29.1.0.tgz",
      "integrity": "sha512-5qsXel31//F4sEX+vmQINTnCHuf0KETeddzHcZ8rG7lOnvj2KusYi79zc0vCy1nM7Eu7x2uD4CwRmCBgNd1HCA==",
      "requires": {
        "@ckeditor/ckeditor5-core": "^29.1.0",
        "@ckeditor/ckeditor5-engine": "^29.1.0",
        "@ckeditor/ckeditor5-utils": "^29.1.0"
      }
    },
    "@ckeditor/ckeditor5-paragraph": {
      "version": "29.1.0",
      "resolved": "https://registry.npmjs.org/@ckeditor/ckeditor5-paragraph/-/ckeditor5-paragraph-29.1.0.tgz",
      "integrity": "sha512-GgYYPqckK/FunMZUlsQYGc2qj90Ifyp7Rt2jAm2t0c0gFduIBGSy7NIHwUaJcqak7qTCgIG6O/ohGLN7ArcTkQ==",
      "requires": {
        "@ckeditor/ckeditor5-core": "^29.1.0",
        "@ckeditor/ckeditor5-ui": "^29.1.0",
        "@ckeditor/ckeditor5-utils": "^29.1.0"
      }
    },
    "@ckeditor/ckeditor5-select-all": {
      "version": "29.1.0",
      "resolved": "https://registry.npmjs.org/@ckeditor/ckeditor5-select-all/-/ckeditor5-select-all-29.1.0.tgz",
      "integrity": "sha512-NiffKAxm7xxqSHu2OO6HeVaYRPJ13+Rn+DtIdQawZDpVb+UxwS6WrYVizX2jOQLtUSCAC99HjX2IJ6zkyuQxmg==",
      "requires": {
        "@ckeditor/ckeditor5-core": "^29.1.0",
        "@ckeditor/ckeditor5-ui": "^29.1.0",
        "@ckeditor/ckeditor5-utils": "^29.1.0"
      }
    },
    "@ckeditor/ckeditor5-typing": {
      "version": "29.1.0",
      "resolved": "https://registry.npmjs.org/@ckeditor/ckeditor5-typing/-/ckeditor5-typing-29.1.0.tgz",
      "integrity": "sha512-TBh0Rbzs1B+922vhqAZQ1b0LUO/Z5aB8AgVLcciQ5R74GCiDewpJQSdzpJ49e8gViUGsByDqtmuKeK444snGmw==",
      "requires": {
        "@ckeditor/ckeditor5-core": "^29.1.0",
        "@ckeditor/ckeditor5-engine": "^29.1.0",
        "@ckeditor/ckeditor5-utils": "^29.1.0",
        "lodash-es": "^4.17.15"
      }
    },
    "@ckeditor/ckeditor5-ui": {
      "version": "29.1.0",
      "resolved": "https://registry.npmjs.org/@ckeditor/ckeditor5-ui/-/ckeditor5-ui-29.1.0.tgz",
      "integrity": "sha512-duYnljw8TolKgV7+KucxLcumZyaV0g+H9aWi+pSSTAw83s3Eze4n8K0QuPxdVebSqnnl1AcrTPcNerv+rsDw3w==",
      "requires": {
        "@ckeditor/ckeditor5-utils": "^29.1.0",
        "ckeditor5": "^29.1.0",
        "lodash-es": "^4.17.15"
      }
    },
    "@ckeditor/ckeditor5-undo": {
      "version": "29.1.0",
      "resolved": "https://registry.npmjs.org/@ckeditor/ckeditor5-undo/-/ckeditor5-undo-29.1.0.tgz",
      "integrity": "sha512-6lKGdKGNvQKpcSUIqumQ1mEL9/sVHVJhW51trQULZJJ44QwtGP0qlFlN83ErzZ+2oxMCri69aMDAoR9Q3OjpkA==",
      "requires": {
        "@ckeditor/ckeditor5-core": "^29.1.0",
        "@ckeditor/ckeditor5-engine": "^29.1.0",
        "@ckeditor/ckeditor5-ui": "^29.1.0"
      }
    },
    "@ckeditor/ckeditor5-upload": {
      "version": "29.1.0",
      "resolved": "https://registry.npmjs.org/@ckeditor/ckeditor5-upload/-/ckeditor5-upload-29.1.0.tgz",
      "integrity": "sha512-1brYmkRHREVaNsFrL3rsg+o8/0+ucxUh5bpzCTmteqw2oU1IrgzWFcDwYyWguqeSmN24rnNPA5gJSwGaUcvOeg==",
      "requires": {
        "@ckeditor/ckeditor5-core": "^29.1.0",
        "@ckeditor/ckeditor5-ui": "^29.1.0",
        "@ckeditor/ckeditor5-utils": "^29.1.0"
      }
    },
    "@ckeditor/ckeditor5-utils": {
      "version": "29.1.0",
      "resolved": "https://registry.npmjs.org/@ckeditor/ckeditor5-utils/-/ckeditor5-utils-29.1.0.tgz",
      "integrity": "sha512-C9KzXLM3JrU1PVRahRvmW6pdinXoUDyp4X8A+QWdQMMYbNrlnM1y9DPmgauPq2eIwZmlMpn8z0jXDh3oB5kVMQ==",
      "requires": {
        "lodash-es": "^4.17.15"
      }
    },
    "@ckeditor/ckeditor5-widget": {
      "version": "29.1.0",
      "resolved": "https://registry.npmjs.org/@ckeditor/ckeditor5-widget/-/ckeditor5-widget-29.1.0.tgz",
      "integrity": "sha512-28jLc24j1Z//zwzck1DvZLjR02qEYierxFGKzW91pi/YeG0gOmVETPaQFcdUSovTnMRz7TiJL1myBw3JsF405A==",
      "requires": {
        "@ckeditor/ckeditor5-core": "^29.1.0",
        "@ckeditor/ckeditor5-engine": "^29.1.0",
        "@ckeditor/ckeditor5-enter": "^29.1.0",
        "@ckeditor/ckeditor5-typing": "^29.1.0",
        "@ckeditor/ckeditor5-ui": "^29.1.0",
        "@ckeditor/ckeditor5-utils": "^29.1.0",
        "lodash-es": "^4.17.15"
      }
    },
    "ckeditor5": {
      "version": "29.1.0",
      "resolved": "https://registry.npmjs.org/ckeditor5/-/ckeditor5-29.1.0.tgz",
      "integrity": "sha512-qNoIpQ/xS+AEEI6etF9FESObt490vJ+AgAnP24M1rgMziUwaqmVMoDONmjYh6LPiOm09f6n4BHZB6sb78zEhYA==",
      "requires": {
        "@ckeditor/ckeditor5-clipboard": "^29.1.0",
        "@ckeditor/ckeditor5-core": "^29.1.0",
        "@ckeditor/ckeditor5-engine": "^29.1.0",
        "@ckeditor/ckeditor5-enter": "^29.1.0",
        "@ckeditor/ckeditor5-paragraph": "^29.1.0",
        "@ckeditor/ckeditor5-select-all": "^29.1.0",
        "@ckeditor/ckeditor5-typing": "^29.1.0",
        "@ckeditor/ckeditor5-ui": "^29.1.0",
        "@ckeditor/ckeditor5-undo": "^29.1.0",
        "@ckeditor/ckeditor5-upload": "^29.1.0",
        "@ckeditor/ckeditor5-utils": "^29.1.0",
        "@ckeditor/ckeditor5-widget": "^29.1.0"
      }
    },
    "lodash-es": {
      "version": "4.17.21",
      "resolved": "https://registry.npmjs.org/lodash-es/-/lodash-es-4.17.21.tgz",
      "integrity": "sha512-mKnC+QJ9pWVzv+C4/U3rRsHapFfHvQFoFB92e52xeyGMcX6/OlIl78je1u8vePzYZSkkogMPJ2yjxxsb89cxyw=="
    }
  }
}
